
Microsoft Visual Studio Solution File, Format Version 12.00
# Visual Studio Version 17
VisualStudioVersion = 17.9.34728.123
MinimumVisualStudioVersion = 10.0.40219.1
Project("{FAE04EC0-301F-11D3-BF4B-00C04F79EFBC}") = "all-tech-webapp-webjobs", "all-tech-webapp-webjobs\all-tech-webapp-webjobs.csproj", "{09C6BB2E-07D2-4562-97B6-465AC33D0E1F}"
EndProject
Global
	GlobalSection(SolutionConfigurationPlatforms) = preSolution
		Debug|Any CPU = Debug|Any CPU
		Release|Any CPU = Release|Any CPU
	EndGlobalSection
	GlobalSection(ProjectConfigurationPlatforms) = postSolution
		{09C6BB2E-07D2-4562-97B6-465AC33D0E1F}.Debug|Any CPU.ActiveCfg = Debug|Any CPU
		{09C6BB2E-07D2-4562-97B6-465AC33D0E1F}.Debug|Any CPU.Build.0 = Debug|Any CPU
		{09C6BB2E-07D2-4562-97B6-465AC33D0E1F}.Release|Any CPU.ActiveCfg = Release|Any CPU
		{09C6BB2E-07D2-4562-97B6-465AC33D0E1F}.Release|Any CPU.Build.0 = Release|Any CPU
	EndGlobalSection
	GlobalSection(SolutionProperties) = preSolution
		HideSolutionNode = FALSE
	EndGlobalSection
	GlobalSection(ExtensibilityGlobals) = postSolution
		SolutionGuid = {0CBDD1DA-1C5E-40FB-9C01-14EC3B90BBE3}
	EndGlobalSection
EndGlobal
